
Microsoft Visual Studio Solution File, Format Version 12.00
# Visual Studio Version 17
VisualStudioVersion = 17.3.32929.385
MinimumVisualStudioVersion = 10.0.40219.1
Project("{FAE04EC0-301F-11D3-BF4B-00C04F79EFBC}") = "AppLogger", "AppLogger\AppLogger.csproj", "{29F8DBC3-4D2F-433E-B5CD-59C676DF13F5}"
EndProject
Global
	GlobalSection(SolutionConfigurationPlatforms) = preSolution
		Debug|Any CPU = Debug|Any CPU
		Release|Any CPU = Release|Any CPU
	EndGlobalSection
	GlobalSection(ProjectConfigurationPlatforms) = postSolution
		{29F8DBC3-4D2F-433E-B5CD-59C676DF13F5}.Debug|Any CPU.ActiveCfg = Debug|Any CPU
		{29F8DBC3-4D2F-433E-B5CD-59C676DF13F5}.Debug|Any CPU.Build.0 = Debug|Any CPU
		{29F8DBC3-4D2F-433E-B5CD-59C676DF13F5}.Release|Any CPU.ActiveCfg = Release|Any CPU
		{29F8DBC3-4D2F-433E-B5CD-59C676DF13F5}.Release|Any CPU.Build.0 = Release|Any CPU
	EndGlobalSection
	GlobalSection(SolutionProperties) = preSolution
		HideSolutionNode = FALSE
	EndGlobalSection
	GlobalSection(ExtensibilityGlobals) = postSolution
		SolutionGuid = {458D2F08-8863-423C-9E90-7CBC037D9001}
	EndGlobalSection
EndGlobal
